
Microsoft Visual Studio Solution File, Format Version 12.00
# Visual Studio Version 16
VisualStudioVersion = 16.0.31727.386
MinimumVisualStudioVersion = 10.0.40219.1
Project("{FAE04EC0-301F-11D3-BF4B-00C04F79EFBC}") = "T2009M_NGUYENHAIDANG_EXAM", "T2009M_NGUYENHAIDANG_EXAM.csproj", "{B9D79B2B-DE01-4FA9-943D-D360DDADA4A2}"
EndProject
Project("{FAE04EC0-301F-11D3-BF4B-00C04F79EFBC}") = "DatabaseHandler", "..\DatabaseHandler\DatabaseHandler.csproj", "{95B6106E-820A-48B0-AF52-2487E531BD00}"
EndProject
Global
	GlobalSection(SolutionConfigurationPlatforms) = preSolution
		Debug|Any CPU = Debug|Any CPU
		Debug|ARM = Debug|ARM
		Debug|ARM64 = Debug|ARM64
		Debug|x64 = Debug|x64
		Debug|x86 = Debug|x86
		Release|Any CPU = Release|Any CPU
		Release|ARM = Release|ARM
		Release|ARM64 = Release|ARM64
		Release|x64 = Release|x64
		Release|x86 = Release|x86
	EndGlobalSection
	GlobalSection(ProjectConfigurationPlatforms) = postSolution
		{B9D79B2B-DE01-4FA9-943D-D360DDADA4A2}.Debug|Any CPU.ActiveCfg = Debug|x86
		{B9D79B2B-DE01-4FA9-943D-D360DDADA4A2}.Debug|ARM.ActiveCfg = Debug|ARM
		{B9D79B2B-DE01-4FA9-943D-D360DDADA4A2}.Debug|ARM.Build.0 = Debug|ARM
		{B9D79B2B-DE01-4FA9-943D-D360DDADA4A2}.Debug|ARM.Deploy.0 = Debug|ARM
		{B9D79B2B-DE01-4FA9-943D-D360DDADA4A2}.Debug|ARM64.ActiveCfg = Debug|ARM64
		{B9D79B2B-DE01-4FA9-943D-D360DDADA4A2}.Debug|ARM64.Build.0 = Debug|ARM64
		{B9D79B2B-DE01-4FA9-943D-D360DDADA4A2}.Debug|ARM64.Deploy.0 = Debug|ARM64
		{B9D79B2B-DE01-4FA9-943D-D360DDADA4A2}.Debug|x64.ActiveCfg = Debug|x64
		{B9D79B2B-DE01-4FA9-943D-D360DDADA4A2}.Debug|x64.Build.0 = Debug|x64
		{B9D79B2B-DE01-4FA9-943D-D360DDADA4A2}.Debug|x64.Deploy.0 = Debug|x64
		{B9D79B2B-DE01-4FA9-943D-D360DDADA4A2}.Debug|x86.ActiveCfg = Debug|x86
		{B9D79B2B-DE01-4FA9-943D-D360DDADA4A2}.Debug|x86.Build.0 = Debug|x86
		{B9D79B2B-DE01-4FA9-943D-D360DDADA4A2}.Debug|x86.Deploy.0 = Debug|x86
		{B9D79B2B-DE01-4FA9-943D-D360DDADA4A2}.Release|Any CPU.ActiveCfg = Release|x86
		{B9D79B2B-DE01-4FA9-943D-D360DDADA4A2}.Release|ARM.ActiveCfg = Release|ARM
		{B9D79B2B-DE01-4FA9-943D-D360DDADA4A2}.Release|ARM.Build.0 = Release|ARM
		{B9D79B2B-DE01-4FA9-943D-D360DDADA4A2}.Release|ARM.Deploy.0 = Release|ARM
		{B9D79B2B-DE01-4FA9-943D-D360DDADA4A2}.Release|ARM64.ActiveCfg = Release|ARM64
		{B9D79B2B-DE01-4FA9-943D-D360DDADA4A2}.Release|ARM64.Build.0 = Release|ARM64
		{B9D79B2B-DE01-4FA9-943D-D360DDADA4A2}.Release|ARM64.Deploy.0 = Release|ARM64
		{B9D79B2B-DE01-4FA9-943D-D360DDADA4A2}.Release|x64.ActiveCfg = Release|x64
		{B9D79B2B-DE01-4FA9-943D-D360DDADA4A2}.Release|x64.Build.0 = Release|x64
		{B9D79B2B-DE01-4FA9-943D-D360DDADA4A2}.Release|x64.Deploy.0 = Release|x64
		{B9D79B2B-DE01-4FA9-943D-D360DDADA4A2}.Release|x86.ActiveCfg = Release|x86
		{B9D79B2B-DE01-4FA9-943D-D360DDADA4A2}.Release|x86.Build.0 = Release|x86
		{B9D79B2B-DE01-4FA9-943D-D360DDADA4A2}.Release|x86.Deploy.0 = Release|x86
		{95B6106E-820A-48B0-AF52-2487E531BD00}.Debug|Any CPU.ActiveCfg = Debug|Any CPU
		{95B6106E-820A-48B0-AF52-2487E531BD00}.Debug|Any CPU.Build.0 = Debug|Any CPU
		{95B6106E-820A-48B0-AF52-2487E531BD00}.Debug|ARM.ActiveCfg = Debug|ARM
		{95B6106E-820A-48B0-AF52-2487E531BD00}.Debug|ARM.Build.0 = Debug|ARM
		{95B6106E-820A-48B0-AF52-2487E531BD00}.Debug|ARM64.ActiveCfg = Debug|ARM64
		{95B6106E-820A-48B0-AF52-2487E531BD00}.Debug|ARM64.Build.0 = Debug|ARM64
		{95B6106E-820A-48B0-AF52-2487E531BD00}.Debug|x64.ActiveCfg = Debug|x64
		{95B6106E-820A-48B0-AF52-2487E531BD00}.Debug|x64.Build.0 = Debug|x64
		{95B6106E-820A-48B0-AF52-2487E531BD00}.Debug|x86.ActiveCfg = Debug|x86
		{95B6106E-820A-48B0-AF52-2487E531BD00}.Debug|x86.Build.0 = Debug|x86
		{95B6106E-820A-48B0-AF52-2487E531BD00}.Release|Any CPU.ActiveCfg = Release|Any CPU
		{95B6106E-820A-48B0-AF52-2487E531BD00}.Release|Any CPU.Build.0 = Release|Any CPU
		{95B6106E-820A-48B0-AF52-2487E531BD00}.Release|ARM.ActiveCfg = Release|ARM
		{95B6106E-820A-48B0-AF52-2487E531BD00}.Release|ARM.Build.0 = Release|ARM
		{95B6106E-820A-48B0-AF52-2487E531BD00}.Release|ARM64.ActiveCfg = Release|ARM64
		{95B6106E-820A-48B0-AF52-2487E531BD00}.Release|ARM64.Build.0 = Release|ARM64
		{95B6106E-820A-48B0-AF52-2487E531BD00}.Release|x64.ActiveCfg = Release|x64
		{95B6106E-820A-48B0-AF52-2487E531BD00}.Release|x64.Build.0 = Release|x64
		{95B6106E-820A-48B0-AF52-2487E531BD00}.Release|x86.ActiveCfg = Release|x86
		{95B6106E-820A-48B0-AF52-2487E531BD00}.Release|x86.Build.0 = Release|x86
	EndGlobalSection
	GlobalSection(SolutionProperties) = preSolution
		HideSolutionNode = FALSE
	EndGlobalSection
	GlobalSection(ExtensibilityGlobals) = postSolution
		SolutionGuid = {89753C6E-14CC-4FB8-92EF-F0B8B1F66BE0}
	EndGlobalSection
EndGlobal
